
Microsoft Visual Studio Solution File, Format Version 12.00
# Visual Studio Version 16
VisualStudioVersion = 16.0.31702.278
MinimumVisualStudioVersion = 10.0.40219.1
Project("{FAE04EC0-301F-11D3-BF4B-00C04F79EFBC}") = "bai1", "bai1\bai1.csproj", "{C2116545-F8AA-4E47-8A74-8E5DEF7D7C1A}"
EndProject
Project("{FAE04EC0-301F-11D3-BF4B-00C04F79EFBC}") = "bai2", "bai2\bai2.csproj", "{0074CEF0-E0E2-4067-BCD0-92C7194FE9C4}"
EndProject
Project("{FAE04EC0-301F-11D3-BF4B-00C04F79EFBC}") = "bai3", "bai3\bai3.csproj", "{9C61C57C-866A-45EC-B21E-6A6E9F6BEFD5}"
EndProject
Global
	GlobalSection(SolutionConfigurationPlatforms) = preSolution
		Debug|Any CPU = Debug|Any CPU
		Release|Any CPU = Release|Any CPU
	EndGlobalSection
	GlobalSection(ProjectConfigurationPlatforms) = postSolution
		{C2116545-F8AA-4E47-8A74-8E5DEF7D7C1A}.Debug|Any CPU.ActiveCfg = Debug|Any CPU
		{C2116545-F8AA-4E47-8A74-8E5DEF7D7C1A}.Debug|Any CPU.Build.0 = Debug|Any CPU
		{C2116545-F8AA-4E47-8A74-8E5DEF7D7C1A}.Release|Any CPU.ActiveCfg = Release|Any CPU
		{C2116545-F8AA-4E47-8A74-8E5DEF7D7C1A}.Release|Any CPU.Build.0 = Release|Any CPU
		{0074CEF0-E0E2-4067-BCD0-92C7194FE9C4}.Debug|Any CPU.ActiveCfg = Debug|Any CPU
		{0074CEF0-E0E2-4067-BCD0-92C7194FE9C4}.Debug|Any CPU.Build.0 = Debug|Any CPU
		{0074CEF0-E0E2-4067-BCD0-92C7194FE9C4}.Release|Any CPU.ActiveCfg = Release|Any CPU
		{0074CEF0-E0E2-4067-BCD0-92C7194FE9C4}.Release|Any CPU.Build.0 = Release|Any CPU
		{9C61C57C-866A-45EC-B21E-6A6E9F6BEFD5}.Debug|Any CPU.ActiveCfg = Debug|Any CPU
		{9C61C57C-866A-45EC-B21E-6A6E9F6BEFD5}.Debug|Any CPU.Build.0 = Debug|Any CPU
		{9C61C57C-866A-45EC-B21E-6A6E9F6BEFD5}.Release|Any CPU.ActiveCfg = Release|Any CPU
		{9C61C57C-866A-45EC-B21E-6A6E9F6BEFD5}.Release|Any CPU.Build.0 = Release|Any CPU
	EndGlobalSection
	GlobalSection(SolutionProperties) = preSolution
		HideSolutionNode = FALSE
	EndGlobalSection
	GlobalSection(ExtensibilityGlobals) = postSolution
		SolutionGuid = {83F7D923-1863-4F7B-B429-72D19B7B3AFC}
	EndGlobalSection
EndGlobal
