
Microsoft Visual Studio Solution File, Format Version 12.00
# Visual Studio Version 16
VisualStudioVersion = 16.0.31911.196
MinimumVisualStudioVersion = 10.0.40219.1
Project("{FAE04EC0-301F-11D3-BF4B-00C04F79EFBC}") = "KTTX2_de_2", "KTTX2_de_2.csproj", "{10BCC83F-E576-4578-BD1E-636921D20046}"
EndProject
Global
	GlobalSection(SolutionConfigurationPlatforms) = preSolution
		Debug|Any CPU = Debug|Any CPU
		Release|Any CPU = Release|Any CPU
	EndGlobalSection
	GlobalSection(ProjectConfigurationPlatforms) = postSolution
		{10BCC83F-E576-4578-BD1E-636921D20046}.Debug|Any CPU.ActiveCfg = Debug|Any CPU
		{10BCC83F-E576-4578-BD1E-636921D20046}.Debug|Any CPU.Build.0 = Debug|Any CPU
		{10BCC83F-E576-4578-BD1E-636921D20046}.Release|Any CPU.ActiveCfg = Release|Any CPU
		{10BCC83F-E576-4578-BD1E-636921D20046}.Release|Any CPU.Build.0 = Release|Any CPU
	EndGlobalSection
	GlobalSection(SolutionProperties) = preSolution
		HideSolutionNode = FALSE
	EndGlobalSection
	GlobalSection(ExtensibilityGlobals) = postSolution
		SolutionGuid = {E9009D89-ED66-4829-981A-5D948B7566F8}
	EndGlobalSection
EndGlobal
