
Microsoft Visual Studio Solution File, Format Version 12.00
# Visual Studio Version 16
VisualStudioVersion = 16.0.31729.503
MinimumVisualStudioVersion = 10.0.40219.1
Project("{FAE04EC0-301F-11D3-BF4B-00C04F79EFBC}") = "Bai_11_phieu_bai_tap_3", "Bai_11_phieu_bai_tap_3.csproj", "{271CEA56-05A2-4D83-B38E-BC84D79FC11C}"
EndProject
Global
	GlobalSection(SolutionConfigurationPlatforms) = preSolution
		Debug|Any CPU = Debug|Any CPU
		Release|Any CPU = Release|Any CPU
	EndGlobalSection
	GlobalSection(ProjectConfigurationPlatforms) = postSolution
		{271CEA56-05A2-4D83-B38E-BC84D79FC11C}.Debug|Any CPU.ActiveCfg = Debug|Any CPU
		{271CEA56-05A2-4D83-B38E-BC84D79FC11C}.Debug|Any CPU.Build.0 = Debug|Any CPU
		{271CEA56-05A2-4D83-B38E-BC84D79FC11C}.Release|Any CPU.ActiveCfg = Release|Any CPU
		{271CEA56-05A2-4D83-B38E-BC84D79FC11C}.Release|Any CPU.Build.0 = Release|Any CPU
	EndGlobalSection
	GlobalSection(SolutionProperties) = preSolution
		HideSolutionNode = FALSE
	EndGlobalSection
	GlobalSection(ExtensibilityGlobals) = postSolution
		SolutionGuid = {ABE20504-EA31-4F26-94D7-FCC3BBE05E10}
	EndGlobalSection
EndGlobal
