
Microsoft Visual Studio Solution File, Format Version 12.00
# Visual Studio Version 16
VisualStudioVersion = 16.0.31702.278
MinimumVisualStudioVersion = 10.0.40219.1
Project("{FAE04EC0-301F-11D3-BF4B-00C04F79EFBC}") = "Bai3_bai_tap_ve_nha", "Bai3_bai_tap_ve_nha\Bai3_bai_tap_ve_nha.csproj", "{1D4BA93D-82FA-4E3C-9192-76CB9DE94FC4}"
EndProject
Global
	GlobalSection(SolutionConfigurationPlatforms) = preSolution
		Debug|Any CPU = Debug|Any CPU
		Release|Any CPU = Release|Any CPU
	EndGlobalSection
	GlobalSection(ProjectConfigurationPlatforms) = postSolution
		{1D4BA93D-82FA-4E3C-9192-76CB9DE94FC4}.Debug|Any CPU.ActiveCfg = Debug|Any CPU
		{1D4BA93D-82FA-4E3C-9192-76CB9DE94FC4}.Debug|Any CPU.Build.0 = Debug|Any CPU
		{1D4BA93D-82FA-4E3C-9192-76CB9DE94FC4}.Release|Any CPU.ActiveCfg = Release|Any CPU
		{1D4BA93D-82FA-4E3C-9192-76CB9DE94FC4}.Release|Any CPU.Build.0 = Release|Any CPU
	EndGlobalSection
	GlobalSection(SolutionProperties) = preSolution
		HideSolutionNode = FALSE
	EndGlobalSection
	GlobalSection(ExtensibilityGlobals) = postSolution
		SolutionGuid = {FE1CA4B3-3832-4F6B-83B0-210BBC853C8C}
	EndGlobalSection
EndGlobal
