
Microsoft Visual Studio Solution File, Format Version 12.00
# Visual Studio Version 16
VisualStudioVersion = 16.0.31729.503
MinimumVisualStudioVersion = 10.0.40219.1
Project("{9A19103F-16F7-4668-BE54-9A1E7A4F7556}") = "b9.1_chuong_trinh_chon_sach", "b9.1_chuong_trinh_chon_sach\b9.1_chuong_trinh_chon_sach.csproj", "{67C5DAE7-9629-45B7-9B2E-FF0A85D8D008}"
EndProject
Project("{9A19103F-16F7-4668-BE54-9A1E7A4F7556}") = "b9.2_quan_ly_nhan_vien", "b9.2_quan_ly_nhan_vien\b9.2_quan_ly_nhan_vien.csproj", "{CEEEDD33-217E-462C-A3C4-9A11C0A9E518}"
EndProject
Project("{9A19103F-16F7-4668-BE54-9A1E7A4F7556}") = "b9.3_cap_nhat_thanh_vien", "b9.3_cap_nhat_thanh_vien\b9.3_cap_nhat_thanh_vien.csproj", "{BC24DFBA-E2B1-487B-AB06-62C3A66EB77F}"
EndProject
Project("{FAE04EC0-301F-11D3-BF4B-00C04F79EFBC}") = "b9.4_tinh_tien_dien", "b9.4_tinh_tien_dien\b9.4_tinh_tien_dien.csproj", "{6469E81B-0A2A-4561-9BA6-9EDB4AF1B05B}"
EndProject
Project("{FAE04EC0-301F-11D3-BF4B-00C04F79EFBC}") = "b9.5_danh_muc_do_uong", "b9.5_danh_muc_do_uong\b9.5_danh_muc_do_uong.csproj", "{9DE69992-EB16-4A7B-8799-84F42D257A02}"
EndProject
Global
	GlobalSection(SolutionConfigurationPlatforms) = preSolution
		Debug|Any CPU = Debug|Any CPU
		Release|Any CPU = Release|Any CPU
	EndGlobalSection
	GlobalSection(ProjectConfigurationPlatforms) = postSolution
		{67C5DAE7-9629-45B7-9B2E-FF0A85D8D008}.Debug|Any CPU.ActiveCfg = Debug|Any CPU
		{67C5DAE7-9629-45B7-9B2E-FF0A85D8D008}.Debug|Any CPU.Build.0 = Debug|Any CPU
		{67C5DAE7-9629-45B7-9B2E-FF0A85D8D008}.Release|Any CPU.ActiveCfg = Release|Any CPU
		{67C5DAE7-9629-45B7-9B2E-FF0A85D8D008}.Release|Any CPU.Build.0 = Release|Any CPU
		{CEEEDD33-217E-462C-A3C4-9A11C0A9E518}.Debug|Any CPU.ActiveCfg = Debug|Any CPU
		{CEEEDD33-217E-462C-A3C4-9A11C0A9E518}.Debug|Any CPU.Build.0 = Debug|Any CPU
		{CEEEDD33-217E-462C-A3C4-9A11C0A9E518}.Release|Any CPU.ActiveCfg = Release|Any CPU
		{CEEEDD33-217E-462C-A3C4-9A11C0A9E518}.Release|Any CPU.Build.0 = Release|Any CPU
		{BC24DFBA-E2B1-487B-AB06-62C3A66EB77F}.Debug|Any CPU.ActiveCfg = Debug|Any CPU
		{BC24DFBA-E2B1-487B-AB06-62C3A66EB77F}.Debug|Any CPU.Build.0 = Debug|Any CPU
		{BC24DFBA-E2B1-487B-AB06-62C3A66EB77F}.Release|Any CPU.ActiveCfg = Release|Any CPU
		{BC24DFBA-E2B1-487B-AB06-62C3A66EB77F}.Release|Any CPU.Build.0 = Release|Any CPU
		{6469E81B-0A2A-4561-9BA6-9EDB4AF1B05B}.Debug|Any CPU.ActiveCfg = Debug|Any CPU
		{6469E81B-0A2A-4561-9BA6-9EDB4AF1B05B}.Debug|Any CPU.Build.0 = Debug|Any CPU
		{6469E81B-0A2A-4561-9BA6-9EDB4AF1B05B}.Release|Any CPU.ActiveCfg = Release|Any CPU
		{6469E81B-0A2A-4561-9BA6-9EDB4AF1B05B}.Release|Any CPU.Build.0 = Release|Any CPU
		{9DE69992-EB16-4A7B-8799-84F42D257A02}.Debug|Any CPU.ActiveCfg = Debug|Any CPU
		{9DE69992-EB16-4A7B-8799-84F42D257A02}.Debug|Any CPU.Build.0 = Debug|Any CPU
		{9DE69992-EB16-4A7B-8799-84F42D257A02}.Release|Any CPU.ActiveCfg = Release|Any CPU
		{9DE69992-EB16-4A7B-8799-84F42D257A02}.Release|Any CPU.Build.0 = Release|Any CPU
	EndGlobalSection
	GlobalSection(SolutionProperties) = preSolution
		HideSolutionNode = FALSE
	EndGlobalSection
	GlobalSection(ExtensibilityGlobals) = postSolution
		SolutionGuid = {0D6F1382-BF89-4E89-BDC1-481263749221}
	EndGlobalSection
EndGlobal
