
Microsoft Visual Studio Solution File, Format Version 12.00
# Visual Studio Version 16
VisualStudioVersion = 16.0.31702.278
MinimumVisualStudioVersion = 10.0.40219.1
Project("{FAE04EC0-301F-11D3-BF4B-00C04F79EFBC}") = "bai1", "bai1\bai1.csproj", "{999D8106-6AEB-4A9F-8E42-76960DCE8C9E}"
EndProject
Project("{FAE04EC0-301F-11D3-BF4B-00C04F79EFBC}") = "bai2", "bai2\bai2.csproj", "{5AEB010F-A043-405C-9006-1B03F6F6935C}"
EndProject
Project("{FAE04EC0-301F-11D3-BF4B-00C04F79EFBC}") = "bai3", "bai3\bai3.csproj", "{9282F8E8-5FEB-4D73-A88B-C98DD89C213D}"
EndProject
Global
	GlobalSection(SolutionConfigurationPlatforms) = preSolution
		Debug|Any CPU = Debug|Any CPU
		Release|Any CPU = Release|Any CPU
	EndGlobalSection
	GlobalSection(ProjectConfigurationPlatforms) = postSolution
		{999D8106-6AEB-4A9F-8E42-76960DCE8C9E}.Debug|Any CPU.ActiveCfg = Debug|Any CPU
		{999D8106-6AEB-4A9F-8E42-76960DCE8C9E}.Debug|Any CPU.Build.0 = Debug|Any CPU
		{999D8106-6AEB-4A9F-8E42-76960DCE8C9E}.Release|Any CPU.ActiveCfg = Release|Any CPU
		{999D8106-6AEB-4A9F-8E42-76960DCE8C9E}.Release|Any CPU.Build.0 = Release|Any CPU
		{5AEB010F-A043-405C-9006-1B03F6F6935C}.Debug|Any CPU.ActiveCfg = Debug|Any CPU
		{5AEB010F-A043-405C-9006-1B03F6F6935C}.Debug|Any CPU.Build.0 = Debug|Any CPU
		{5AEB010F-A043-405C-9006-1B03F6F6935C}.Release|Any CPU.ActiveCfg = Release|Any CPU
		{5AEB010F-A043-405C-9006-1B03F6F6935C}.Release|Any CPU.Build.0 = Release|Any CPU
		{9282F8E8-5FEB-4D73-A88B-C98DD89C213D}.Debug|Any CPU.ActiveCfg = Debug|Any CPU
		{9282F8E8-5FEB-4D73-A88B-C98DD89C213D}.Debug|Any CPU.Build.0 = Debug|Any CPU
		{9282F8E8-5FEB-4D73-A88B-C98DD89C213D}.Release|Any CPU.ActiveCfg = Release|Any CPU
		{9282F8E8-5FEB-4D73-A88B-C98DD89C213D}.Release|Any CPU.Build.0 = Release|Any CPU
	EndGlobalSection
	GlobalSection(SolutionProperties) = preSolution
		HideSolutionNode = FALSE
	EndGlobalSection
	GlobalSection(ExtensibilityGlobals) = postSolution
		SolutionGuid = {48D578B0-9F51-43E0-8798-237BA3398D62}
	EndGlobalSection
EndGlobal
