
Microsoft Visual Studio Solution File, Format Version 12.00
# Visual Studio Version 16
VisualStudioVersion = 16.0.31729.503
MinimumVisualStudioVersion = 10.0.40219.1
Project("{FAE04EC0-301F-11D3-BF4B-00C04F79EFBC}") = "b10.1_form_man_hinh_chinh", "b10.1_form_man_hinh_chinh\b10.1_form_man_hinh_chinh.csproj", "{FA6C0753-415B-440A-BF25-6857D08C1BDA}"
EndProject
Global
	GlobalSection(SolutionConfigurationPlatforms) = preSolution
		Debug|Any CPU = Debug|Any CPU
		Release|Any CPU = Release|Any CPU
	EndGlobalSection
	GlobalSection(ProjectConfigurationPlatforms) = postSolution
		{FA6C0753-415B-440A-BF25-6857D08C1BDA}.Debug|Any CPU.ActiveCfg = Debug|Any CPU
		{FA6C0753-415B-440A-BF25-6857D08C1BDA}.Debug|Any CPU.Build.0 = Debug|Any CPU
		{FA6C0753-415B-440A-BF25-6857D08C1BDA}.Release|Any CPU.ActiveCfg = Release|Any CPU
		{FA6C0753-415B-440A-BF25-6857D08C1BDA}.Release|Any CPU.Build.0 = Release|Any CPU
	EndGlobalSection
	GlobalSection(SolutionProperties) = preSolution
		HideSolutionNode = FALSE
	EndGlobalSection
	GlobalSection(ExtensibilityGlobals) = postSolution
		SolutionGuid = {60634DD9-5DBB-4486-ADFD-4002C74B1B80}
	EndGlobalSection
EndGlobal
