
Microsoft Visual Studio Solution File, Format Version 12.00
# Visual Studio Version 16
VisualStudioVersion = 16.0.31729.503
MinimumVisualStudioVersion = 10.0.40219.1
Project("{FAE04EC0-301F-11D3-BF4B-00C04F79EFBC}") = "de_01", "de_01.csproj", "{2751B66B-7887-432C-8CB4-F8858546EAB3}"
EndProject
Global
	GlobalSection(SolutionConfigurationPlatforms) = preSolution
		Debug|Any CPU = Debug|Any CPU
		Release|Any CPU = Release|Any CPU
	EndGlobalSection
	GlobalSection(ProjectConfigurationPlatforms) = postSolution
		{2751B66B-7887-432C-8CB4-F8858546EAB3}.Debug|Any CPU.ActiveCfg = Debug|Any CPU
		{2751B66B-7887-432C-8CB4-F8858546EAB3}.Debug|Any CPU.Build.0 = Debug|Any CPU
		{2751B66B-7887-432C-8CB4-F8858546EAB3}.Release|Any CPU.ActiveCfg = Release|Any CPU
		{2751B66B-7887-432C-8CB4-F8858546EAB3}.Release|Any CPU.Build.0 = Release|Any CPU
	EndGlobalSection
	GlobalSection(SolutionProperties) = preSolution
		HideSolutionNode = FALSE
	EndGlobalSection
	GlobalSection(ExtensibilityGlobals) = postSolution
		SolutionGuid = {C47F6832-CBE9-4657-AFD8-9B2A19443975}
	EndGlobalSection
EndGlobal
