
Microsoft Visual Studio Solution File, Format Version 12.00
# Visual Studio Version 16
VisualStudioVersion = 16.0.31911.196
MinimumVisualStudioVersion = 10.0.40219.1
Project("{FAE04EC0-301F-11D3-BF4B-00C04F79EFBC}") = "KTTX2_de_3", "KTTX2_de_3.csproj", "{E1EAAEDA-5A0E-4FEA-9BDE-400CBD85C462}"
EndProject
Global
	GlobalSection(SolutionConfigurationPlatforms) = preSolution
		Debug|Any CPU = Debug|Any CPU
		Release|Any CPU = Release|Any CPU
	EndGlobalSection
	GlobalSection(ProjectConfigurationPlatforms) = postSolution
		{E1EAAEDA-5A0E-4FEA-9BDE-400CBD85C462}.Debug|Any CPU.ActiveCfg = Debug|Any CPU
		{E1EAAEDA-5A0E-4FEA-9BDE-400CBD85C462}.Debug|Any CPU.Build.0 = Debug|Any CPU
		{E1EAAEDA-5A0E-4FEA-9BDE-400CBD85C462}.Release|Any CPU.ActiveCfg = Release|Any CPU
		{E1EAAEDA-5A0E-4FEA-9BDE-400CBD85C462}.Release|Any CPU.Build.0 = Release|Any CPU
	EndGlobalSection
	GlobalSection(SolutionProperties) = preSolution
		HideSolutionNode = FALSE
	EndGlobalSection
	GlobalSection(ExtensibilityGlobals) = postSolution
		SolutionGuid = {757CF4AB-62C1-4E35-B0AC-88B2298EC7D5}
	EndGlobalSection
EndGlobal
