
Microsoft Visual Studio Solution File, Format Version 12.00
# Visual Studio Version 16
VisualStudioVersion = 16.0.31729.503
MinimumVisualStudioVersion = 10.0.40219.1
Project("{FAE04EC0-301F-11D3-BF4B-00C04F79EFBC}") = "De_01", "De_01\De_01.csproj", "{4948B1F5-97C2-49F9-8334-F8B3AA71B400}"
EndProject
Project("{FAE04EC0-301F-11D3-BF4B-00C04F79EFBC}") = "De_02", "De_02\De_02.csproj", "{D94F6B26-23CB-493E-A638-1F71E23E91F7}"
EndProject
Global
	GlobalSection(SolutionConfigurationPlatforms) = preSolution
		Debug|Any CPU = Debug|Any CPU
		Release|Any CPU = Release|Any CPU
	EndGlobalSection
	GlobalSection(ProjectConfigurationPlatforms) = postSolution
		{4948B1F5-97C2-49F9-8334-F8B3AA71B400}.Debug|Any CPU.ActiveCfg = Debug|Any CPU
		{4948B1F5-97C2-49F9-8334-F8B3AA71B400}.Debug|Any CPU.Build.0 = Debug|Any CPU
		{4948B1F5-97C2-49F9-8334-F8B3AA71B400}.Release|Any CPU.ActiveCfg = Release|Any CPU
		{4948B1F5-97C2-49F9-8334-F8B3AA71B400}.Release|Any CPU.Build.0 = Release|Any CPU
		{D94F6B26-23CB-493E-A638-1F71E23E91F7}.Debug|Any CPU.ActiveCfg = Debug|Any CPU
		{D94F6B26-23CB-493E-A638-1F71E23E91F7}.Debug|Any CPU.Build.0 = Debug|Any CPU
		{D94F6B26-23CB-493E-A638-1F71E23E91F7}.Release|Any CPU.ActiveCfg = Release|Any CPU
		{D94F6B26-23CB-493E-A638-1F71E23E91F7}.Release|Any CPU.Build.0 = Release|Any CPU
	EndGlobalSection
	GlobalSection(SolutionProperties) = preSolution
		HideSolutionNode = FALSE
	EndGlobalSection
	GlobalSection(ExtensibilityGlobals) = postSolution
		SolutionGuid = {B5BDFACB-FDEB-41F2-9497-700DEEE43B37}
	EndGlobalSection
EndGlobal
