
Microsoft Visual Studio Solution File, Format Version 12.00
# Visual Studio Version 16
VisualStudioVersion = 16.0.31729.503
MinimumVisualStudioVersion = 10.0.40219.1
Project("{FAE04EC0-301F-11D3-BF4B-00C04F79EFBC}") = "Bai_12_phieu_bai_tap_2", "Bai_12_phieu_bai_tap_2.csproj", "{4CDF7CDF-8BB6-4D35-9C93-BAD95ED30E32}"
EndProject
Global
	GlobalSection(SolutionConfigurationPlatforms) = preSolution
		Debug|Any CPU = Debug|Any CPU
		Release|Any CPU = Release|Any CPU
	EndGlobalSection
	GlobalSection(ProjectConfigurationPlatforms) = postSolution
		{4CDF7CDF-8BB6-4D35-9C93-BAD95ED30E32}.Debug|Any CPU.ActiveCfg = Debug|Any CPU
		{4CDF7CDF-8BB6-4D35-9C93-BAD95ED30E32}.Debug|Any CPU.Build.0 = Debug|Any CPU
		{4CDF7CDF-8BB6-4D35-9C93-BAD95ED30E32}.Release|Any CPU.ActiveCfg = Release|Any CPU
		{4CDF7CDF-8BB6-4D35-9C93-BAD95ED30E32}.Release|Any CPU.Build.0 = Release|Any CPU
	EndGlobalSection
	GlobalSection(SolutionProperties) = preSolution
		HideSolutionNode = FALSE
	EndGlobalSection
	GlobalSection(ExtensibilityGlobals) = postSolution
		SolutionGuid = {322E1DFD-C344-464B-87C4-7EDF1AD21F2E}
	EndGlobalSection
EndGlobal
