
Microsoft Visual Studio Solution File, Format Version 12.00
# Visual Studio Version 16
VisualStudioVersion = 16.0.31729.503
MinimumVisualStudioVersion = 10.0.40219.1
Project("{FAE04EC0-301F-11D3-BF4B-00C04F79EFBC}") = "KiemTra1", "KiemTra1\KiemTra1.csproj", "{7C8176DA-D8F5-4288-BC72-37E0610AA71B}"
EndProject
Global
	GlobalSection(SolutionConfigurationPlatforms) = preSolution
		Debug|Any CPU = Debug|Any CPU
		Release|Any CPU = Release|Any CPU
	EndGlobalSection
	GlobalSection(ProjectConfigurationPlatforms) = postSolution
		{7C8176DA-D8F5-4288-BC72-37E0610AA71B}.Debug|Any CPU.ActiveCfg = Debug|Any CPU
		{7C8176DA-D8F5-4288-BC72-37E0610AA71B}.Debug|Any CPU.Build.0 = Debug|Any CPU
		{7C8176DA-D8F5-4288-BC72-37E0610AA71B}.Release|Any CPU.ActiveCfg = Release|Any CPU
		{7C8176DA-D8F5-4288-BC72-37E0610AA71B}.Release|Any CPU.Build.0 = Release|Any CPU
	EndGlobalSection
	GlobalSection(SolutionProperties) = preSolution
		HideSolutionNode = FALSE
	EndGlobalSection
	GlobalSection(ExtensibilityGlobals) = postSolution
		SolutionGuid = {6A1FE299-1516-4350-8AEA-B3E6BF030156}
	EndGlobalSection
EndGlobal
