
Microsoft Visual Studio Solution File, Format Version 12.00
# Visual Studio Version 16
VisualStudioVersion = 16.0.31729.503
MinimumVisualStudioVersion = 10.0.40219.1
Project("{FAE04EC0-301F-11D3-BF4B-00C04F79EFBC}") = "KTTX2_de_xxx", "KTTX2_de_xxx.csproj", "{B2CD50AD-4DEF-46F0-BEF3-66C637B9155D}"
EndProject
Global
	GlobalSection(SolutionConfigurationPlatforms) = preSolution
		Debug|Any CPU = Debug|Any CPU
		Release|Any CPU = Release|Any CPU
	EndGlobalSection
	GlobalSection(ProjectConfigurationPlatforms) = postSolution
		{B2CD50AD-4DEF-46F0-BEF3-66C637B9155D}.Debug|Any CPU.ActiveCfg = Debug|Any CPU
		{B2CD50AD-4DEF-46F0-BEF3-66C637B9155D}.Debug|Any CPU.Build.0 = Debug|Any CPU
		{B2CD50AD-4DEF-46F0-BEF3-66C637B9155D}.Release|Any CPU.ActiveCfg = Release|Any CPU
		{B2CD50AD-4DEF-46F0-BEF3-66C637B9155D}.Release|Any CPU.Build.0 = Release|Any CPU
	EndGlobalSection
	GlobalSection(SolutionProperties) = preSolution
		HideSolutionNode = FALSE
	EndGlobalSection
	GlobalSection(ExtensibilityGlobals) = postSolution
		SolutionGuid = {1FF2231E-AE7C-43CC-B9BC-3762C8D4A70C}
	EndGlobalSection
EndGlobal
