
Microsoft Visual Studio Solution File, Format Version 12.00
# Visual Studio Version 16
VisualStudioVersion = 16.0.31729.503
MinimumVisualStudioVersion = 10.0.40219.1
Project("{FAE04EC0-301F-11D3-BF4B-00C04F79EFBC}") = "Bai_1-2", "Bai_1\Bai_1-2.csproj", "{26A945B2-77F1-48D0-8E7B-26D3C65DC7B6}"
EndProject
Global
	GlobalSection(SolutionConfigurationPlatforms) = preSolution
		Debug|Any CPU = Debug|Any CPU
		Release|Any CPU = Release|Any CPU
	EndGlobalSection
	GlobalSection(ProjectConfigurationPlatforms) = postSolution
		{26A945B2-77F1-48D0-8E7B-26D3C65DC7B6}.Debug|Any CPU.ActiveCfg = Debug|Any CPU
		{26A945B2-77F1-48D0-8E7B-26D3C65DC7B6}.Debug|Any CPU.Build.0 = Debug|Any CPU
		{26A945B2-77F1-48D0-8E7B-26D3C65DC7B6}.Release|Any CPU.ActiveCfg = Release|Any CPU
		{26A945B2-77F1-48D0-8E7B-26D3C65DC7B6}.Release|Any CPU.Build.0 = Release|Any CPU
	EndGlobalSection
	GlobalSection(SolutionProperties) = preSolution
		HideSolutionNode = FALSE
	EndGlobalSection
	GlobalSection(ExtensibilityGlobals) = postSolution
		SolutionGuid = {79A9020F-5767-4543-AC10-F6EB5D0D3902}
	EndGlobalSection
EndGlobal
