
Microsoft Visual Studio Solution File, Format Version 12.00
# Visual Studio Version 16
VisualStudioVersion = 16.0.31729.503
MinimumVisualStudioVersion = 10.0.40219.1
Project("{FAE04EC0-301F-11D3-BF4B-00C04F79EFBC}") = "bai1", "bai1\bai1.csproj", "{572A073B-6020-406F-AB2E-CC15A76C518A}"
EndProject
Global
	GlobalSection(SolutionConfigurationPlatforms) = preSolution
		Debug|Any CPU = Debug|Any CPU
		Release|Any CPU = Release|Any CPU
	EndGlobalSection
	GlobalSection(ProjectConfigurationPlatforms) = postSolution
		{572A073B-6020-406F-AB2E-CC15A76C518A}.Debug|Any CPU.ActiveCfg = Debug|Any CPU
		{572A073B-6020-406F-AB2E-CC15A76C518A}.Debug|Any CPU.Build.0 = Debug|Any CPU
		{572A073B-6020-406F-AB2E-CC15A76C518A}.Release|Any CPU.ActiveCfg = Release|Any CPU
		{572A073B-6020-406F-AB2E-CC15A76C518A}.Release|Any CPU.Build.0 = Release|Any CPU
	EndGlobalSection
	GlobalSection(SolutionProperties) = preSolution
		HideSolutionNode = FALSE
	EndGlobalSection
	GlobalSection(ExtensibilityGlobals) = postSolution
		SolutionGuid = {AC349029-902A-4AC7-8298-0CB991A0E71E}
	EndGlobalSection
EndGlobal
